
Microsoft Visual Studio Solution File, Format Version 12.00
# Visual Studio Version 17
VisualStudioVersion = 17.7.34202.233
MinimumVisualStudioVersion = 10.0.40219.1
Project("{FAE04EC0-301F-11D3-BF4B-00C04F79EFBC}") = "Duca_Lavinia_Lab1", "Duca_Lavinia_Lab1.csproj", "{B01F824B-2722-4106-A793-278D4D160DEC}"
EndProject
Global
	GlobalSection(SolutionConfigurationPlatforms) = preSolution
		Debug|Any CPU = Debug|Any CPU
		Release|Any CPU = Release|Any CPU
	EndGlobalSection
	GlobalSection(ProjectConfigurationPlatforms) = postSolution
		{B01F824B-2722-4106-A793-278D4D160DEC}.Debug|Any CPU.ActiveCfg = Debug|Any CPU
		{B01F824B-2722-4106-A793-278D4D160DEC}.Debug|Any CPU.Build.0 = Debug|Any CPU
		{B01F824B-2722-4106-A793-278D4D160DEC}.Release|Any CPU.ActiveCfg = Release|Any CPU
		{B01F824B-2722-4106-A793-278D4D160DEC}.Release|Any CPU.Build.0 = Release|Any CPU
	EndGlobalSection
	GlobalSection(SolutionProperties) = preSolution
		HideSolutionNode = FALSE
	EndGlobalSection
	GlobalSection(ExtensibilityGlobals) = postSolution
		SolutionGuid = {953B88AA-416D-4827-AE24-EA6E7DE9EACD}
	EndGlobalSection
EndGlobal
